// !$*UTF8*$!
{
	archiveVersion = 1;
	classes = {
	};
	objectVersion = 50;
	objects = {

/* Begin PBXBuildFile section */
		87462C66212F1E8600F79D16 /* SongController.swift in Sources */ = {isa = PBXBuildFile; fileRef = 87462C65212F1E8600F79D16 /* SongController.swift */; };
		87DD3040212DC9E9006EED21 /* AppDelegate.swift in Sources */ = {isa = PBXBuildFile; fileRef = 87DD303F212DC9E9006EED21 /* AppDelegate.swift */; };
		87DD3045212DC9E9006EED21 /* Main.storyboard in Resources */ = {isa = PBXBuildFile; fileRef = 87DD3043212DC9E9006EED21 /* Main.storyboard */; };
		87DD3047212DC9EB006EED21 /* Assets.xcassets in Resources */ = {isa = PBXBuildFile; fileRef = 87DD3046212DC9EB006EED21 /* Assets.xcassets */; };
		87DD304A212DC9EB006EED21 /* LaunchScreen.storyboard in Resources */ = {isa = PBXBuildFile; fileRef = 87DD3048212DC9EB006EED21 /* LaunchScreen.storyboard */; };
		87DD3057212DD04F006EED21 /* Playlist.swift in Sources */ = {isa = PBXBuildFile; fileRef = 87DD3056212DD04F006EED21 /* Playlist.swift */; };
		87DD3059212DD058006EED21 /* Song.swift in Sources */ = {isa = PBXBuildFile; fileRef = 87DD3058212DD058006EED21 /* Song.swift */; };
		87DD305B212DD76C006EED21 /* PlaylistController.swift in Sources */ = {isa = PBXBuildFile; fileRef = 87DD305A212DD76C006EED21 /* PlaylistController.swift */; };
		87DD305D212DE139006EED21 /* PlaylistTableViewController.swift in Sources */ = {isa = PBXBuildFile; fileRef = 87DD305C212DE139006EED21 /* PlaylistTableViewController.swift */; };
		87DD305F212DE146006EED21 /* SongTableViewController.swift in Sources */ = {isa = PBXBuildFile; fileRef = 87DD305E212DE146006EED21 /* SongTableViewController.swift */; };
/* End PBXBuildFile section */

/* Begin PBXFileReference section */
		87462C65212F1E8600F79D16 /* SongController.swift */ = {isa = PBXFileReference; lastKnownFileType = sourcecode.swift; path = SongController.swift; sourceTree = "<group>"; };
		87DD303C212DC9E9006EED21 /* PlaylistiOS21.app */ = {isa = PBXFileReference; explicitFileType = wrapper.application; includeInIndex = 0; path = PlaylistiOS21.app; sourceTree = BUILT_PRODUCTS_DIR; };
		87DD303F212DC9E9006EED21 /* AppDelegate.swift */ = {isa = PBXFileReference; lastKnownFileType = sourcecode.swift; path = AppDelegate.swift; sourceTree = "<group>"; };
		87DD3044212DC9E9006EED21 /* Base */ = {isa = PBXFileReference; lastKnownFileType = file.storyboard; name = Base; path = Base.lproj/Main.storyboard; sourceTree = "<group>"; };
		87DD3046212DC9EB006EED21 /* Assets.xcassets */ = {isa = PBXFileReference; lastKnownFileType = folder.assetcatalog; path = Assets.xcassets; sourceTree = "<group>"; };
		87DD3049212DC9EB006EED21 /* Base */ = {isa = PBXFileReference; lastKnownFileType = file.storyboard; name = Base; path = Base.lproj/LaunchScreen.storyboard; sourceTree = "<group>"; };
		87DD304B212DC9EB006EED21 /* Info.plist */ = {isa = PBXFileReference; lastKnownFileType = text.plist.xml; path = Info.plist; sourceTree = "<group>"; };
		87DD3056212DD04F006EED21 /* Playlist.swift */ = {isa = PBXFileReference; lastKnownFileType = sourcecode.swift; path = Playlist.swift; sourceTree = "<group>"; };
		87DD3058212DD058006EED21 /* Song.swift */ = {isa = PBXFileReference; lastKnownFileType = sourcecode.swift; path = Song.swift; sourceTree = "<group>"; };
		87DD305A212DD76C006EED21 /* PlaylistController.swift */ = {isa = PBXFileReference; lastKnownFileType = sourcecode.swift; path = PlaylistController.swift; sourceTree = "<group>"; };
		87DD305C212DE139006EED21 /* PlaylistTableViewController.swift */ = {isa = PBXFileReference; lastKnownFileType = sourcecode.swift; path = PlaylistTableViewController.swift; sourceTree = "<group>"; };
		87DD305E212DE146006EED21 /* SongTableViewController.swift */ = {isa = PBXFileReference; lastKnownFileType = sourcecode.swift; path = SongTableViewController.swift; sourceTree = "<group>"; };
/* End PBXFileReference section */

/* Begin PBXFrameworksBuildPhase section */
		87DD3039212DC9E9006EED21 /* Frameworks */ = {
			isa = PBXFrameworksBuildPhase;
			buildActionMask = 2147483647;
			files = (
			);
			runOnlyForDeploymentPostprocessing = 0;
		};
/* End PBXFrameworksBuildPhase section */

/* Begin PBXGroup section */
		87DD3033212DC9E9006EED21 = {
			isa = PBXGroup;
			children = (
				87DD303E212DC9E9006EED21 /* PlaylistiOS21 */,
				87DD303D212DC9E9006EED21 /* Products */,
			);
			sourceTree = "<group>";
		};
		87DD303D212DC9E9006EED21 /* Products */ = {
			isa = PBXGroup;
			children = (
				87DD303C212DC9E9006EED21 /* PlaylistiOS21.app */,
			);
			name = Products;
			sourceTree = "<group>";
		};
		87DD303E212DC9E9006EED21 /* PlaylistiOS21 */ = {
			isa = PBXGroup;
			children = (
				87DD3053212DCA3F006EED21 /* UI */,
				87DD3052212DCA21006EED21 /* Model Controller */,
				87DD3051212DCA11006EED21 /* Model */,
				87DD303F212DC9E9006EED21 /* AppDelegate.swift */,
				87DD3046212DC9EB006EED21 /* Assets.xcassets */,
				87DD3048212DC9EB006EED21 /* LaunchScreen.storyboard */,
				87DD304B212DC9EB006EED21 /* Info.plist */,
			);
			path = PlaylistiOS21;
			sourceTree = "<group>";
		};
		87DD3051212DCA11006EED21 /* Model */ = {
			isa = PBXGroup;
			children = (
				87DD3056212DD04F006EED21 /* Playlist.swift */,
				87DD3058212DD058006EED21 /* Song.swift */,
			);
			path = Model;
			sourceTree = "<group>";
		};
		87DD3052212DCA21006EED21 /* Model Controller */ = {
			isa = PBXGroup;
			children = (
				87DD305A212DD76C006EED21 /* PlaylistController.swift */,
				87462C65212F1E8600F79D16 /* SongController.swift */,
			);
			path = "Model Controller";
			sourceTree = "<group>";
		};
		87DD3053212DCA3F006EED21 /* UI */ = {
			isa = PBXGroup;
			children = (
				87DD3043212DC9E9006EED21 /* Main.storyboard */,
				87DD305C212DE139006EED21 /* PlaylistTableViewController.swift */,
				87DD305E212DE146006EED21 /* SongTableViewController.swift */,
			);
			path = UI;
			sourceTree = "<group>";
		};
/* End PBXGroup section */

/* Begin PBXNativeTarget section */
		87DD303B212DC9E9006EED21 /* PlaylistiOS21 */ = {
			isa = PBXNativeTarget;
			buildConfigurationList = 87DD304E212DC9EB006EED21 /* Build configuration list for PBXNativeTarget "PlaylistiOS21" */;
			buildPhases = (
				87DD3038212DC9E9006EED21 /* Sources */,
				87DD3039212DC9E9006EED21 /* Frameworks */,
				87DD303A212DC9E9006EED21 /* Resources */,
			);
			buildRules = (
			);
			dependencies = (
			);
			name = PlaylistiOS21;
			productName = PlaylistiOS21;
			productReference = 87DD303C212DC9E9006EED21 /* PlaylistiOS21.app */;
			productType = "com.apple.product-type.application";
		};
/* End PBXNativeTarget section */

/* Begin PBXProject section */
		87DD3034212DC9E9006EED21 /* Project object */ = {
			isa = PBXProject;
			attributes = {
				LastSwiftUpdateCheck = 0940;
				LastUpgradeCheck = 0940;
				ORGANIZATIONNAME = "John Tate";
				TargetAttributes = {
					87DD303B212DC9E9006EED21 = {
						CreatedOnToolsVersion = 9.4.1;
					};
				};
			};
			buildConfigurationList = 87DD3037212DC9E9006EED21 /* Build configuration list for PBXProject "PlaylistiOS21" */;
			compatibilityVersion = "Xcode 9.3";
			developmentRegion = en;
			hasScannedForEncodings = 0;
			knownRegions = (
				en,
				Base,
			);
			mainGroup = 87DD3033212DC9E9006EED21;
			productRefGroup = 87DD303D212DC9E9006EED21 /* Products */;
			projectDirPath = "";
			projectRoot = "";
			targets = (
				87DD303B212DC9E9006EED21 /* PlaylistiOS21 */,
			);
		};
/* End PBXProject section */

/* Begin PBXResourcesBuildPhase section */
		87DD303A212DC9E9006EED21 /* Resources */ = {
			isa = PBXResourcesBuildPhase;
			buildActionMask = 2147483647;
			files = (
				87DD304A212DC9EB006EED21 /* LaunchScreen.storyboard in Resources */,
				87DD3047212DC9EB006EED21 /* Assets.xcassets in Resources */,
				87DD3045212DC9E9006EED21 /* Main.storyboard in Resources */,
			);
			runOnlyForDeploymentPostprocessing = 0;
		};
/* End PBXResourcesBuildPhase section */

/* Begin PBXSourcesBuildPhase section */
		87DD3038212DC9E9006EED21 /* Sources */ = {
			isa = PBXSourcesBuildPhase;
			buildActionMask = 2147483647;
			files = (
				87462C66212F1E8600F79D16 /* SongController.swift in Sources */,
				87DD305D212DE139006EED21 /* PlaylistTableViewController.swift in Sources */,
				87DD3059212DD058006EED21 /* Song.swift in Sources */,
				87DD305B212DD76C006EED21 /* PlaylistController.swift in Sources */,
				87DD3040212DC9E9006EED21 /* AppDelegate.swift in Sources */,
				87DD305F212DE146006EED21 /* SongTableViewController.swift in Sources */,
				87DD3057212DD04F006EED21 /* Playlist.swift in Sources */,
			);
			runOnlyForDeploymentPostprocessing = 0;
		};
/* End PBXSourcesBuildPhase section */

/* Begin PBXVariantGroup section */
		87DD3043212DC9E9006EED21 /* Main.storyboard */ = {
			isa = PBXVariantGroup;
			children = (
				87DD3044212DC9E9006EED21 /* Base */,
			);
			name = Main.storyboard;
			sourceTree = "<group>";
		};
		87DD3048212DC9EB006EED21 /* LaunchScreen.storyboard */ = {
			isa = PBXVariantGroup;
			children = (
				87DD3049212DC9EB006EED21 /* Base */,
			);
			name = LaunchScreen.storyboard;
			sourceTree = "<group>";
		};
/* End PBXVariantGroup section */

/* Begin XCBuildConfiguration section */
		87DD304C212DC9EB006EED21 /* Debug */ = {
			isa = XCBuildConfiguration;
			buildSettings = {
				ALWAYS_SEARCH_USER_PATHS = NO;
				CLANG_ANALYZER_NONNULL = YES;
				CLANG_ANALYZER_NUMBER_OBJECT_CONVERSION = YES_AGGRESSIVE;
				CLANG_CXX_LANGUAGE_STANDARD = "gnu++14";
				CLANG_CXX_LIBRARY = "libc++";
				CLANG_ENABLE_MODULES = YES;
				CLANG_ENABLE_OBJC_ARC = YES;
				CLANG_ENABLE_OBJC_WEAK = YES;
				CLANG_WARN_BLOCK_CAPTURE_AUTORELEASING = YES;
				CLANG_WARN_BOOL_CONVERSION = YES;
				CLANG_WARN_COMMA = YES;
				CLANG_WARN_CONSTANT_CONVERSION = YES;
				CLANG_WARN_DEPRECATED_OBJC_IMPLEMENTATIONS = YES;
				CLANG_WARN_DIRECT_OBJC_ISA_USAGE = YES_ERROR;
				CLANG_WARN_DOCUMENTATION_COMMENTS = YES;
				CLANG_WARN_EMPTY_BODY = YES;
				CLANG_WARN_ENUM_CONVERSION = YES;
				CLANG_WARN_INFINITE_RECURSION = YES;
				CLANG_WARN_INT_CONVERSION = YES;
				CLANG_WARN_NON_LITERAL_NULL_CONVERSION = YES;
				CLANG_WARN_OBJC_IMPLICIT_RETAIN_SELF = YES;
				CLANG_WARN_OBJC_LITERAL_CONVERSION = YES;
				CLANG_WARN_OBJC_ROOT_CLASS = YES_ERROR;
				CLANG_WARN_RANGE_LOOP_ANALYSIS = YES;
				CLANG_WARN_STRICT_PROTOTYPES = YES;
				CLANG_WARN_SUSPICIOUS_MOVE = YES;
				CLANG_WARN_UNGUARDED_AVAILABILITY = YES_AGGRESSIVE;
				CLANG_WARN_UNREACHABLE_CODE = YES;
				CLANG_WARN__DUPLICATE_METHOD_MATCH = YES;
				CODE_SIGN_IDENTITY = "iPhone Developer";
				COPY_PHASE_STRIP = NO;
				DEBUG_INFORMATION_FORMAT = dwarf;
				ENABLE_STRICT_OBJC_MSGSEND = YES;
				ENABLE_TESTABILITY = YES;
				GCC_C_LANGUAGE_STANDARD = gnu11;
				GCC_DYNAMIC_NO_PIC = NO;
				GCC_NO_COMMON_BLOCKS = YES;
				GCC_OPTIMIZATION_LEVEL = 0;
				GCC_PREPROCESSOR_DEFINITIONS = (
					"DEBUG=1",
					"$(inherited)",
				);
				GCC_WARN_64_TO_32_BIT_CONVERSION = YES;
				GCC_WARN_ABOUT_RETURN_TYPE = YES_ERROR;
				GCC_WARN_UNDECLARED_SELECTOR = YES;
				GCC_WARN_UNINITIALIZED_AUTOS = YES_AGGRESSIVE;
				GCC_WARN_UNUSED_FUNCTION = YES;
				GCC_WARN_UNUSED_VARIABLE = YES;
				IPHONEOS_DEPLOYMENT_TARGET = 11.4;
				MTL_ENABLE_DEBUG_INFO = YES;
				ONLY_ACTIVE_ARCH = YES;
				SDKROOT = iphoneos;
				SWIFT_ACTIVE_COMPILATION_CONDITIONS = DEBUG;
				SWIFT_OPTIMIZATION_LEVEL = "-Onone";
			};
			name = Debug;
		};
		87DD304D212DC9EB006EED21 /* Release */ = {
			isa = XCBuildConfiguration;
			buildSettings = {
				ALWAYS_SEARCH_USER_PATHS = NO;
				CLANG_ANALYZER_NONNULL = YES;
				CLANG_ANALYZER_NUMBER_OBJECT_CONVERSION = YES_AGGRESSIVE;
				CLANG_CXX_LANGUAGE_STANDARD = "gnu++14";
				CLANG_CXX_LIBRARY = "libc++";
				CLANG_ENABLE_MODULES = YES;
				CLANG_ENABLE_OBJC_ARC = YES;
				CLANG_ENABLE_OBJC_WEAK = YES;
				CLANG_WARN_BLOCK_CAPTURE_AUTORELEASING = YES;
				CLANG_WARN_BOOL_CONVERSION = YES;
				CLANG_WARN_COMMA = YES;
				CLANG_WARN_CONSTANT_CONVERSION = YES;
				CLANG_WARN_DEPRECATED_OBJC_IMPLEMENTATIONS = YES;
				CLANG_WARN_DIRECT_OBJC_ISA_USAGE = YES_ERROR;
				CLANG_WARN_DOCUMENTATION_COMMENTS = YES;
				CLANG_WARN_EMPTY_BODY = YES;
				CLANG_WARN_ENUM_CONVERSION = YES;
				CLANG_WARN_INFINITE_RECURSION = YES;
				CLANG_WARN_INT_CONVERSION = YES;
				CLANG_WARN_NON_LITERAL_NULL_CONVERSION = YES;
				CLANG_WARN_OBJC_IMPLICIT_RETAIN_SELF = YES;
				CLANG_WARN_OBJC_LITERAL_CONVERSION = YES;
				CLANG_WARN_OBJC_ROOT_CLASS = YES_ERROR;
				CLANG_WARN_RANGE_LOOP_ANALYSIS = YES;
				CLANG_WARN_STRICT_PROTOTYPES = YES;
				CLANG_WARN_SUSPICIOUS_MOVE = YES;
				CLANG_WARN_UNGUARDED_AVAILABILITY = YES_AGGRESSIVE;
				CLANG_WARN_UNREACHABLE_CODE = YES;
				CLANG_WARN__DUPLICATE_METHOD_MATCH = YES;
				CODE_SIGN_IDENTITY = "iPhone Developer";
				COPY_PHASE_STRIP = NO;
				DEBUG_INFORMATION_FORMAT = "dwarf-with-dsym";
				ENABLE_NS_ASSERTIONS = NO;
				ENABLE_STRICT_OBJC_MSGSEND = YES;
				GCC_C_LANGUAGE_STANDARD = gnu11;
				GCC_NO_COMMON_BLOCKS = YES;
				GCC_WARN_64_TO_32_BIT_CONVERSION = YES;
				GCC_WARN_ABOUT_RETURN_TYPE = YES_ERROR;
				GCC_WARN_UNDECLARED_SELECTOR = YES;
				GCC_WARN_UNINITIALIZED_AUTOS = YES_AGGRESSIVE;
				GCC_WARN_UNUSED_FUNCTION = YES;
				GCC_WARN_UNUSED_VARIABLE = YES;
				IPHONEOS_DEPLOYMENT_TARGET = 11.4;
				MTL_ENABLE_DEBUG_INFO = NO;
				SDKROOT = iphoneos;
				SWIFT_COMPILATION_MODE = wholemodule;
				SWIFT_OPTIMIZATION_LEVEL = "-O";
				VALIDATE_PRODUCT = YES;
			};
			name = Release;
		};
		87DD304F212DC9EB006EED21 /* Debug */ = {
			isa = XCBuildConfiguration;
			buildSettings = {
				ASSETCATALOG_COMPILER_APPICON_NAME = AppIcon;
				CODE_SIGN_STYLE = Automatic;
				DEVELOPMENT_TEAM = 74SYWHWN72;
				INFOPLIST_FILE = PlaylistiOS21/Info.plist;
				LD_RUNPATH_SEARCH_PATHS = (
					"$(inherited)",
					"@executable_path/Frameworks",
				);
				PRODUCT_BUNDLE_IDENTIFIER = com.example.PlaylistiOS21;
				PRODUCT_NAME = "$(TARGET_NAME)";
				SWIFT_VERSION = 4.0;
				TARGETED_DEVICE_FAMILY = "1,2";
			};
			name = Debug;
		};
		87DD3050212DC9EB006EED21 /* Release */ = {
			isa = XCBuildConfiguration;
			buildSettings = {
				ASSETCATALOG_COMPILER_APPICON_NAME = AppIcon;
				CODE_SIGN_STYLE = Automatic;
				DEVELOPMENT_TEAM = 74SYWHWN72;
				INFOPLIST_FILE = PlaylistiOS21/Info.plist;
				LD_RUNPATH_SEARCH_PATHS = (
					"$(inherited)",
					"@executable_path/Frameworks",
				);
				PRODUCT_BUNDLE_IDENTIFIER = com.example.PlaylistiOS21;
				PRODUCT_NAME = "$(TARGET_NAME)";
				SWIFT_VERSION = 4.0;
				TARGETED_DEVICE_FAMILY = "1,2";
			};
			name = Release;
		};
/* End XCBuildConfiguration section */

/* Begin XCConfigurationList section */
		87DD3037212DC9E9006EED21 /* Build configuration list for PBXProject "PlaylistiOS21" */ = {
			isa = XCConfigurationList;
			buildConfigurations = (
				87DD304C212DC9EB006EED21 /* Debug */,
				87DD304D212DC9EB006EED21 /* Release */,
			);
			defaultConfigurationIsVisible = 0;
			defaultConfigurationName = Release;
		};
		87DD304E212DC9EB006EED21 /* Build configuration list for PBXNativeTarget "PlaylistiOS21" */ = {
			isa = XCConfigurationList;
			buildConfigurations = (
				87DD304F212DC9EB006EED21 /* Debug */,
				87DD3050212DC9EB006EED21 /* Release */,
			);
			defaultConfigurationIsVisible = 0;
			defaultConfigurationName = Release;
		};
/* End XCConfigurationList section */
	};
	rootObject = 87DD3034212DC9E9006EED21 /* Project object */;
}
